
Microsoft Visual Studio Solution File, Format Version 12.00
# Visual Studio Version 17
VisualStudioVersion = 17.9.34728.123
MinimumVisualStudioVersion = 10.0.40219.1
Project("{FAE04EC0-301F-11D3-BF4B-00C04F79EFBC}") = "bubble_parallel_cpu", "bubble_parallel_cpu.csproj", "{59B08734-14B6-4AFE-A594-9CC33AA4EDD1}"
EndProject
Global
	GlobalSection(SolutionConfigurationPlatforms) = preSolution
		Debug|Any CPU = Debug|Any CPU
		Release|Any CPU = Release|Any CPU
	EndGlobalSection
	GlobalSection(ProjectConfigurationPlatforms) = postSolution
		{59B08734-14B6-4AFE-A594-9CC33AA4EDD1}.Debug|Any CPU.ActiveCfg = Debug|Any CPU
		{59B08734-14B6-4AFE-A594-9CC33AA4EDD1}.Debug|Any CPU.Build.0 = Debug|Any CPU
		{59B08734-14B6-4AFE-A594-9CC33AA4EDD1}.Release|Any CPU.ActiveCfg = Release|Any CPU
		{59B08734-14B6-4AFE-A594-9CC33AA4EDD1}.Release|Any CPU.Build.0 = Release|Any CPU
	EndGlobalSection
	GlobalSection(SolutionProperties) = preSolution
		HideSolutionNode = FALSE
	EndGlobalSection
	GlobalSection(ExtensibilityGlobals) = postSolution
		SolutionGuid = {2C3F6527-917D-4364-8715-C3CF4E9C047F}
	EndGlobalSection
EndGlobal
